<?xml version="1.0" encoding="utf-8"?>
<Project ToolsVersion="4.0" xmlns="http://schemas.microsoft.com/developer/msbuild/2003">
  <ItemGroup>
    <Filter Include="Source Files">
      <UniqueIdentifier>{4FC737F1-C7A5-4376-A066-2A32D752A2FF}</UniqueIdentifier>
      <Extensions>cpp;c;cc;cxx;c++;cppm;ixx;def;odl;idl;hpj;bat;asm;asmx</Extensions>
    </Filter>
    <Filter Include="Header Files">
      <UniqueIdentifier>{93995380-89BD-4b04-88EB-625FBE52EBFB}</UniqueIdentifier>
      <Extensions>h;hh;hpp;hxx;h++;hm;inl;inc;ipp;xsd</Extensions>
    </Filter>
    <Filter Include="Resource Files">
      <UniqueIdentifier>{67DA6AB6-F800-4c08-8B7A-83BB121AAD01}</UniqueIdentifier>
      <Extensions>rc;ico;cur;bmp;dlg;rc2;rct;bin;rgs;gif;jpg;jpeg;jpe;resx;tiff;tif;png;wav;mfcribbon-ms</Extensions>
    </Filter>
    <Filter Include="Header Files\Model">
      <UniqueIdentifier>{50b97e9a-39da-4775-ba30-617469e3f05d}</UniqueIdentifier>
    </Filter>
    <Filter Include="Header Files\Camera">
      <UniqueIdentifier>{830c7983-af9d-4c9b-ad07-daeb55958bfd}</UniqueIdentifier>
    </Filter>
    <Filter Include="Header Files\Utils">
      <UniqueIdentifier>{ceaff5a1-87ce-400a-9954-a3e0180529e9}</UniqueIdentifier>
    </Filter>
    <Filter Include="Header Files\Shader">
      <UniqueIdentifier>{394c539d-cac8-4f26-8776-e37473afadf4}</UniqueIdentifier>
    </Filter>
    <Filter Include="Header Files\Textures">
      <UniqueIdentifier>{363686bb-3ef1-4313-9bd7-bb6166eff6e0}</UniqueIdentifier>
    </Filter>
    <Filter Include="Header Files\Window">
      <UniqueIdentifier>{deccdf73-ff04-468d-9bad-e6b174fbc921}</UniqueIdentifier>
    </Filter>
    <Filter Include="Header Files\Base">
      <UniqueIdentifier>{934cf146-a857-4160-b244-a9894a33d025}</UniqueIdentifier>
    </Filter>
    <Filter Include="Source Files\Model">
      <UniqueIdentifier>{88b5a7a0-ff92-4ada-abfc-cc3ecb4e4429}</UniqueIdentifier>
    </Filter>
    <Filter Include="Source Files\Camera">
      <UniqueIdentifier>{5ddee4ae-e7c1-4989-96be-30f2ab9284fe}</UniqueIdentifier>
    </Filter>
    <Filter Include="Source Files\Window">
      <UniqueIdentifier>{33689a79-53df-4afd-8db6-83eadd156e88}</UniqueIdentifier>
    </Filter>
    <Filter Include="Source Files\Textures">
      <UniqueIdentifier>{acbb70a6-da63-4416-8368-6d6d5888652e}</UniqueIdentifier>
    </Filter>
    <Filter Include="Source Files\Shader">
      <UniqueIdentifier>{6e1a9728-a81f-4c21-a7b9-88936661f28f}</UniqueIdentifier>
    </Filter>
    <Filter Include="Source Files\Libs">
      <UniqueIdentifier>{bf72140e-9538-439d-8957-3f6f2a075327}</UniqueIdentifier>
    </Filter>
    <Filter Include="Source Files\Utils">
      <UniqueIdentifier>{109d8db1-5f84-4b45-9ae2-ba7cf2d97c08}</UniqueIdentifier>
    </Filter>
    <Filter Include="Source Files\GUI">
      <UniqueIdentifier>{f2c306b0-1db2-45da-9133-abdb8b1cf99a}</UniqueIdentifier>
    </Filter>
    <Filter Include="Source Files\Libs\imgui">
      <UniqueIdentifier>{a9643cbc-0a01-4aca-8d73-de67f079437e}</UniqueIdentifier>
    </Filter>
    <Filter Include="Header Files\GUI">
      <UniqueIdentifier>{d02e58c0-9989-499d-83f4-ba3e27a9e6b0}</UniqueIdentifier>
    </Filter>
    <Filter Include="Header Files\GUI\imgui">
      <UniqueIdentifier>{aa6ad7fc-0fa6-499f-81d4-ddd3bbbe11cd}</UniqueIdentifier>
    </Filter>
    <Filter Include="Source Files\GUI\imgui">
      <UniqueIdentifier>{a0f61995-8aa8-4f38-8f7e-6f32f93e583a}</UniqueIdentifier>
    </Filter>
  </ItemGroup>
  <ItemGroup>
    <ClInclude Include="framework.h">
      <Filter>Header Files</Filter>
    </ClInclude>
    <ClInclude Include="Camera.h">
      <Filter>Header Files\Camera</Filter>
    </ClInclude>
    <ClInclude Include="CameraHandler.h">
      <Filter>Header Files\Camera</Filter>
    </ClInclude>
    <ClInclude Include="ElementBufferObject.h">
      <Filter>Header Files\Model</Filter>
    </ClInclude>
    <ClInclude Include="VertexArrayObject.h">
      <Filter>Header Files\Model</Filter>
    </ClInclude>
    <ClInclude Include="VertexBufferObject.h">
      <Filter>Header Files\Model</Filter>
    </ClInclude>
    <ClInclude Include="Mesh.h">
      <Filter>Header Files\Model</Filter>
    </ClInclude>
    <ClInclude Include="Utils.h">
      <Filter>Header Files\Utils</Filter>
    </ClInclude>
    <ClInclude Include="Matrix.h">
      <Filter>Header Files\Utils</Filter>
    </ClInclude>
    <ClInclude Include="Vectors.h">
      <Filter>Header Files\Utils</Filter>
    </ClInclude>
    <ClInclude Include="GLTFModel.h">
      <Filter>Header Files\Model</Filter>
    </ClInclude>
    <ClInclude Include="ShaderProgram.h">
      <Filter>Header Files\Shader</Filter>
    </ClInclude>
    <ClInclude Include="Enum.h">
      <Filter>Header Files\Utils</Filter>
    </ClInclude>
    <ClInclude Include="Texture.h">
      <Filter>Header Files\Textures</Filter>
    </ClInclude>
    <ClInclude Include="Cubemap.h">
      <Filter>Header Files\Textures</Filter>
    </ClInclude>
    <ClInclude Include="Window.h">
      <Filter>Header Files\Window</Filter>
    </ClInclude>
    <ClInclude Include="BaseHeader.h">
      <Filter>Header Files\Base</Filter>
    </ClInclude>
    <ClInclude Include="BaseCamera.h">
      <Filter>Header Files\Base</Filter>
    </ClInclude>
    <ClInclude Include="BaseModel.h">
      <Filter>Header Files\Base</Filter>
    </ClInclude>
    <ClInclude Include="Libraries\include\pch.h">
      <Filter>Header Files</Filter>
    </ClInclude>
    <ClInclude Include="Im_GUI.h">
      <Filter>Header Files\GUI\imgui</Filter>
    </ClInclude>
    <ClInclude Include="Widgets.h">
      <Filter>Header Files\GUI</Filter>
    </ClInclude>
    <ClInclude Include="ImGUIWidgets.h">
      <Filter>Header Files\GUI\imgui</Filter>
    </ClInclude>
    <ClInclude Include="Dialogs.h">
      <Filter>Header Files\GUI</Filter>
    </ClInclude>
    <ClInclude Include="ImGUIDialogs.h">
      <Filter>Header Files\GUI\imgui</Filter>
    </ClInclude>
  </ItemGroup>
  <ItemGroup>
    <ClCompile Include="pch.cpp">
      <Filter>Source Files</Filter>
    </ClCompile>
    <ClCompile Include="ElementBufferObject.cpp">
      <Filter>Source Files\Model</Filter>
    </ClCompile>
    <ClCompile Include="GLTFModel.cpp">
      <Filter>Source Files\Model</Filter>
    </ClCompile>
    <ClCompile Include="Mesh.cpp">
      <Filter>Source Files\Model</Filter>
    </ClCompile>
    <ClCompile Include="VertexArrayObject.cpp">
      <Filter>Source Files\Model</Filter>
    </ClCompile>
    <ClCompile Include="VertexBufferObject.cpp">
      <Filter>Source Files\Model</Filter>
    </ClCompile>
    <ClCompile Include="Camera.cpp">
      <Filter>Source Files\Camera</Filter>
    </ClCompile>
    <ClCompile Include="CameraHandler.cpp">
      <Filter>Source Files\Camera</Filter>
    </ClCompile>
    <ClCompile Include="Window.cpp">
      <Filter>Source Files\Window</Filter>
    </ClCompile>
    <ClCompile Include="Cubemap.cpp">
      <Filter>Source Files\Textures</Filter>
    </ClCompile>
    <ClCompile Include="Texture.cpp">
      <Filter>Source Files\Textures</Filter>
    </ClCompile>
    <ClCompile Include="ShaderProgram.cpp">
      <Filter>Source Files\Shader</Filter>
    </ClCompile>
    <ClCompile Include="glad.cpp">
      <Filter>Source Files\Libs</Filter>
    </ClCompile>
    <ClCompile Include="stbi_image.cpp">
      <Filter>Source Files\Libs</Filter>
    </ClCompile>
    <ClCompile Include="Enum.cpp">
      <Filter>Source Files\Utils</Filter>
    </ClCompile>
    <ClCompile Include="Utils.cpp">
      <Filter>Source Files\Utils</Filter>
    </ClCompile>
    <ClCompile Include="Libraries\include\imgui\imgui_widgets.cpp">
      <Filter>Source Files\Libs\imgui</Filter>
    </ClCompile>
    <ClCompile Include="Libraries\include\imgui\imgui_tables.cpp">
      <Filter>Source Files\Libs\imgui</Filter>
    </ClCompile>
    <ClCompile Include="Libraries\include\imgui\imgui_impl_opengl3.cpp">
      <Filter>Source Files\Libs\imgui</Filter>
    </ClCompile>
    <ClCompile Include="Libraries\include\imgui\imgui_impl_glfw.cpp">
      <Filter>Source Files\Libs\imgui</Filter>
    </ClCompile>
    <ClCompile Include="Libraries\include\imgui\imgui_draw.cpp">
      <Filter>Source Files\Libs\imgui</Filter>
    </ClCompile>
    <ClCompile Include="Libraries\include\imgui\imgui_demo.cpp">
      <Filter>Source Files\Libs\imgui</Filter>
    </ClCompile>
    <ClCompile Include="Libraries\include\imgui\imgui.cpp">
      <Filter>Source Files\Libs\imgui</Filter>
    </ClCompile>
    <ClCompile Include="Im_GUI.cpp">
      <Filter>Source Files\GUI\imgui</Filter>
    </ClCompile>
    <ClCompile Include="ImGUIDialogs.cpp">
      <Filter>Source Files\GUI\imgui</Filter>
    </ClCompile>
    <ClCompile Include="ImGUIWidgets.cpp">
      <Filter>Source Files\GUI\imgui</Filter>
    </ClCompile>
  </ItemGroup>
</Project>